
Microsoft Visual Studio Solution File, Format Version 12.00
# Visual Studio Version 16
VisualStudioVersion = 16.0.30517.126
MinimumVisualStudioVersion = 10.0.40219.1
Project("{FAE04EC0-301F-11D3-BF4B-00C04F79EFBC}") = "HW 4_3_twenty questions", "HW 4_3_twenty questions\HW 4_3_twenty questions.csproj", "{A70F9E71-7527-43B9-AB92-6F58DD7BC574}"
EndProject
Global
	GlobalSection(SolutionConfigurationPlatforms) = preSolution
		Debug|Any CPU = Debug|Any CPU
		Release|Any CPU = Release|Any CPU
	EndGlobalSection
	GlobalSection(ProjectConfigurationPlatforms) = postSolution
		{A70F9E71-7527-43B9-AB92-6F58DD7BC574}.Debug|Any CPU.ActiveCfg = Debug|Any CPU
		{A70F9E71-7527-43B9-AB92-6F58DD7BC574}.Debug|Any CPU.Build.0 = Debug|Any CPU
		{A70F9E71-7527-43B9-AB92-6F58DD7BC574}.Release|Any CPU.ActiveCfg = Release|Any CPU
		{A70F9E71-7527-43B9-AB92-6F58DD7BC574}.Release|Any CPU.Build.0 = Release|Any CPU
	EndGlobalSection
	GlobalSection(SolutionProperties) = preSolution
		HideSolutionNode = FALSE
	EndGlobalSection
	GlobalSection(ExtensibilityGlobals) = postSolution
		SolutionGuid = {80D7A9F1-3C70-42D8-AA48-A0CA74ADD67B}
	EndGlobalSection
EndGlobal
